
Microsoft Visual Studio Solution File, Format Version 12.00
# Visual Studio 14
VisualStudioVersion = 14.0.25420.1
MinimumVisualStudioVersion = 10.0.40219.1
Project("{FAE04EC0-301F-11D3-BF4B-00C04F79EFBC}") = "FreeLauncher", "FreeLauncher\FreeLauncher.csproj", "{F63BCFF8-2B72-4FF4-BE24-EEC9E1E3645B}"
EndProject
Project("{FAE04EC0-301F-11D3-BF4B-00C04F79EFBC}") = "dotMCLauncher.Core", "dotMCLauncher.Core\dotMCLauncher.Core.csproj", "{E0F782F2-153E-4285-862C-1279A32B1141}"
EndProject
Project("{FAE04EC0-301F-11D3-BF4B-00C04F79EFBC}") = "dotMCLauncher.YaDra4il", "dotMCLauncher.YaDra4il\dotMCLauncher.YaDra4il.csproj", "{2AEC9EC1-5042-4922-B425-88B740FDDC82}"
EndProject
Global
	GlobalSection(SolutionConfigurationPlatforms) = preSolution
		Debug|Any CPU = Debug|Any CPU
		Debug|Mixed Platforms = Debug|Mixed Platforms
		Debug|x64 = Debug|x64
		Debug|x86 = Debug|x86
		Release|Any CPU = Release|Any CPU
		Release|Mixed Platforms = Release|Mixed Platforms
		Release|x64 = Release|x64
		Release|x86 = Release|x86
	EndGlobalSection
	GlobalSection(ProjectConfigurationPlatforms) = postSolution
		{F63BCFF8-2B72-4FF4-BE24-EEC9E1E3645B}.Debug|Any CPU.ActiveCfg = Debug|Any CPU
		{F63BCFF8-2B72-4FF4-BE24-EEC9E1E3645B}.Debug|Any CPU.Build.0 = Debug|Any CPU
		{F63BCFF8-2B72-4FF4-BE24-EEC9E1E3645B}.Debug|Mixed Platforms.ActiveCfg = Debug|Any CPU
		{F63BCFF8-2B72-4FF4-BE24-EEC9E1E3645B}.Debug|Mixed Platforms.Build.0 = Debug|Any CPU
		{F63BCFF8-2B72-4FF4-BE24-EEC9E1E3645B}.Debug|Mixed Platforms.Deploy.0 = Debug|Any CPU
		{F63BCFF8-2B72-4FF4-BE24-EEC9E1E3645B}.Debug|x64.ActiveCfg = Debug|Any CPU
		{F63BCFF8-2B72-4FF4-BE24-EEC9E1E3645B}.Debug|x64.Build.0 = Debug|Any CPU
		{F63BCFF8-2B72-4FF4-BE24-EEC9E1E3645B}.Debug|x86.ActiveCfg = Debug|x86
		{F63BCFF8-2B72-4FF4-BE24-EEC9E1E3645B}.Debug|x86.Build.0 = Debug|x86
		{F63BCFF8-2B72-4FF4-BE24-EEC9E1E3645B}.Release|Any CPU.ActiveCfg = Release|x86
		{F63BCFF8-2B72-4FF4-BE24-EEC9E1E3645B}.Release|Mixed Platforms.ActiveCfg = Release|x86
		{F63BCFF8-2B72-4FF4-BE24-EEC9E1E3645B}.Release|Mixed Platforms.Build.0 = Release|x86
		{F63BCFF8-2B72-4FF4-BE24-EEC9E1E3645B}.Release|x64.ActiveCfg = Release|x64
		{F63BCFF8-2B72-4FF4-BE24-EEC9E1E3645B}.Release|x64.Build.0 = Release|x64
		{F63BCFF8-2B72-4FF4-BE24-EEC9E1E3645B}.Release|x86.ActiveCfg = Release|x86
		{F63BCFF8-2B72-4FF4-BE24-EEC9E1E3645B}.Release|x86.Build.0 = Release|x86
		{E0F782F2-153E-4285-862C-1279A32B1141}.Debug|Any CPU.ActiveCfg = Debug|Any CPU
		{E0F782F2-153E-4285-862C-1279A32B1141}.Debug|Any CPU.Build.0 = Debug|Any CPU
		{E0F782F2-153E-4285-862C-1279A32B1141}.Debug|Mixed Platforms.ActiveCfg = Debug|x86
		{E0F782F2-153E-4285-862C-1279A32B1141}.Debug|Mixed Platforms.Build.0 = Debug|x86
		{E0F782F2-153E-4285-862C-1279A32B1141}.Debug|x64.ActiveCfg = Debug|x64
		{E0F782F2-153E-4285-862C-1279A32B1141}.Debug|x64.Build.0 = Debug|x64
		{E0F782F2-153E-4285-862C-1279A32B1141}.Debug|x86.ActiveCfg = Debug|x86
		{E0F782F2-153E-4285-862C-1279A32B1141}.Debug|x86.Build.0 = Debug|x86
		{E0F782F2-153E-4285-862C-1279A32B1141}.Release|Any CPU.ActiveCfg = Release|Any CPU
		{E0F782F2-153E-4285-862C-1279A32B1141}.Release|Any CPU.Build.0 = Release|Any CPU
		{E0F782F2-153E-4285-862C-1279A32B1141}.Release|Mixed Platforms.ActiveCfg = Release|x86
		{E0F782F2-153E-4285-862C-1279A32B1141}.Release|Mixed Platforms.Build.0 = Release|x86
		{E0F782F2-153E-4285-862C-1279A32B1141}.Release|x64.ActiveCfg = Release|x64
		{E0F782F2-153E-4285-862C-1279A32B1141}.Release|x64.Build.0 = Release|x64
		{E0F782F2-153E-4285-862C-1279A32B1141}.Release|x86.ActiveCfg = Release|x86
		{E0F782F2-153E-4285-862C-1279A32B1141}.Release|x86.Build.0 = Release|x86
		{2AEC9EC1-5042-4922-B425-88B740FDDC82}.Debug|Any CPU.ActiveCfg = Debug|Any CPU
		{2AEC9EC1-5042-4922-B425-88B740FDDC82}.Debug|Any CPU.Build.0 = Debug|Any CPU
		{2AEC9EC1-5042-4922-B425-88B740FDDC82}.Debug|Mixed Platforms.ActiveCfg = Debug|x86
		{2AEC9EC1-5042-4922-B425-88B740FDDC82}.Debug|Mixed Platforms.Build.0 = Debug|x86
		{2AEC9EC1-5042-4922-B425-88B740FDDC82}.Debug|x64.ActiveCfg = Debug|x64
		{2AEC9EC1-5042-4922-B425-88B740FDDC82}.Debug|x64.Build.0 = Debug|x64
		{2AEC9EC1-5042-4922-B425-88B740FDDC82}.Debug|x86.ActiveCfg = Debug|x86
		{2AEC9EC1-5042-4922-B425-88B740FDDC82}.Debug|x86.Build.0 = Debug|x86
		{2AEC9EC1-5042-4922-B425-88B740FDDC82}.Release|Any CPU.ActiveCfg = Release|Any CPU
		{2AEC9EC1-5042-4922-B425-88B740FDDC82}.Release|Any CPU.Build.0 = Release|Any CPU
		{2AEC9EC1-5042-4922-B425-88B740FDDC82}.Release|Mixed Platforms.ActiveCfg = Release|x86
		{2AEC9EC1-5042-4922-B425-88B740FDDC82}.Release|Mixed Platforms.Build.0 = Release|x86
		{2AEC9EC1-5042-4922-B425-88B740FDDC82}.Release|x64.ActiveCfg = Release|x64
		{2AEC9EC1-5042-4922-B425-88B740FDDC82}.Release|x64.Build.0 = Release|x64
		{2AEC9EC1-5042-4922-B425-88B740FDDC82}.Release|x86.ActiveCfg = Release|x86
		{2AEC9EC1-5042-4922-B425-88B740FDDC82}.Release|x86.Build.0 = Release|x86
	EndGlobalSection
	GlobalSection(SolutionProperties) = preSolution
		HideSolutionNode = FALSE
	EndGlobalSection
EndGlobal
